
Microsoft Visual Studio Solution File, Format Version 12.00
# Visual Studio Version 17
VisualStudioVersion = 17.14.36804.6
MinimumVisualStudioVersion = 10.0.40219.1
Project("{C9674DCB-5085-4A16-B785-4C70DD1589BD}") = "WorkForcePayrollDW", "WorkForcePayrollDW.dtproj", "{0CFB7B21-A0AD-3A73-5AE4-F826B9061EF4}"
EndProject
Global
	GlobalSection(SolutionConfigurationPlatforms) = preSolution
		Development|Default = Development|Default
	EndGlobalSection
	GlobalSection(ProjectConfigurationPlatforms) = postSolution
		{0CFB7B21-A0AD-3A73-5AE4-F826B9061EF4}.Development|Default.ActiveCfg = Development
		{0CFB7B21-A0AD-3A73-5AE4-F826B9061EF4}.Development|Default.Build.0 = Development
	EndGlobalSection
	GlobalSection(SolutionProperties) = preSolution
		HideSolutionNode = FALSE
	EndGlobalSection
	GlobalSection(ExtensibilityGlobals) = postSolution
		SolutionGuid = {157E3E77-20E2-42C0-B6B0-0096AF7890B9}
	EndGlobalSection
EndGlobal
